
Microsoft Visual Studio Solution File, Format Version 12.00
# Visual Studio 15
VisualStudioVersion = 15.0.28307.645
MinimumVisualStudioVersion = 10.0.40219.1
Project("{FAE04EC0-301F-11D3-BF4B-00C04F79EFBC}") = "OpenAuthorization", "OpenAuthorization\OpenAuthorization.csproj", "{467E730B-7781-4973-BE95-10F0D60640FF}"
EndProject
Project("{FAE04EC0-301F-11D3-BF4B-00C04F79EFBC}") = "AuthorizeTesting", "AuthorizeTesting\AuthorizeTesting.csproj", "{7F65B27C-B0C0-44D5-B8B0-4E6B62060168}"
EndProject
Global
	GlobalSection(SolutionConfigurationPlatforms) = preSolution
		Debug|Any CPU = Debug|Any CPU
		Release|Any CPU = Release|Any CPU
	EndGlobalSection
	GlobalSection(ProjectConfigurationPlatforms) = postSolution
		{467E730B-7781-4973-BE95-10F0D60640FF}.Debug|Any CPU.ActiveCfg = Debug|Any CPU
		{467E730B-7781-4973-BE95-10F0D60640FF}.Debug|Any CPU.Build.0 = Debug|Any CPU
		{467E730B-7781-4973-BE95-10F0D60640FF}.Release|Any CPU.ActiveCfg = Release|Any CPU
		{467E730B-7781-4973-BE95-10F0D60640FF}.Release|Any CPU.Build.0 = Release|Any CPU
		{7F65B27C-B0C0-44D5-B8B0-4E6B62060168}.Debug|Any CPU.ActiveCfg = Debug|Any CPU
		{7F65B27C-B0C0-44D5-B8B0-4E6B62060168}.Debug|Any CPU.Build.0 = Debug|Any CPU
		{7F65B27C-B0C0-44D5-B8B0-4E6B62060168}.Release|Any CPU.ActiveCfg = Release|Any CPU
		{7F65B27C-B0C0-44D5-B8B0-4E6B62060168}.Release|Any CPU.Build.0 = Release|Any CPU
	EndGlobalSection
	GlobalSection(SolutionProperties) = preSolution
		HideSolutionNode = FALSE
	EndGlobalSection
	GlobalSection(ExtensibilityGlobals) = postSolution
		SolutionGuid = {0863931D-2780-45B9-8270-358529A07FAB}
	EndGlobalSection
EndGlobal
